
Microsoft Visual Studio Solution File, Format Version 12.00
# Visual Studio Version 17
VisualStudioVersion = 17.7.34202.233
MinimumVisualStudioVersion = 10.0.40219.1
Project("{FAE04EC0-301F-11D3-BF4B-00C04F79EFBC}") = "2. web_API", "2. web_API.csproj", "{4CC064F1-CBFE-4E53-9E46-B6A6B0699B76}"
EndProject
Global
	GlobalSection(SolutionConfigurationPlatforms) = preSolution
		Debug|Any CPU = Debug|Any CPU
		Release|Any CPU = Release|Any CPU
	EndGlobalSection
	GlobalSection(ProjectConfigurationPlatforms) = postSolution
		{4CC064F1-CBFE-4E53-9E46-B6A6B0699B76}.Debug|Any CPU.ActiveCfg = Debug|Any CPU
		{4CC064F1-CBFE-4E53-9E46-B6A6B0699B76}.Debug|Any CPU.Build.0 = Debug|Any CPU
		{4CC064F1-CBFE-4E53-9E46-B6A6B0699B76}.Release|Any CPU.ActiveCfg = Release|Any CPU
		{4CC064F1-CBFE-4E53-9E46-B6A6B0699B76}.Release|Any CPU.Build.0 = Release|Any CPU
	EndGlobalSection
	GlobalSection(SolutionProperties) = preSolution
		HideSolutionNode = FALSE
	EndGlobalSection
	GlobalSection(ExtensibilityGlobals) = postSolution
		SolutionGuid = {4F1ED985-1FBA-409F-8B8D-CB01D09B955E}
	EndGlobalSection
EndGlobal
